// !$*UTF8*$!
{
	archiveVersion = 1;
	classes = {
	};
	objectVersion = 56;
	objects = {

/* Begin PBXBuildFile section */
		EEE352EF2A33519800531773 /* DevSwiftUIApp.swift in Sources */ = {isa = PBXBuildFile; fileRef = EEE352EE2A33519800531773 /* DevSwiftUIApp.swift */; };
		EEE352F12A33519800531773 /* ContentView.swift in Sources */ = {isa = PBXBuildFile; fileRef = EEE352F02A33519800531773 /* ContentView.swift */; };
		EEE352F32A33519800531773 /* Assets.xcassets in Resources */ = {isa = PBXBuildFile; fileRef = EEE352F22A33519800531773 /* Assets.xcassets */; };
		EEE352F62A33519800531773 /* Preview Assets.xcassets in Resources */ = {isa = PBXBuildFile; fileRef = EEE352F52A33519800531773 /* Preview Assets.xcassets */; };
		EEE353192A33530600531773 /* GoogleService-Info.plist in Resources */ = {isa = PBXBuildFile; fileRef = EEE353182A33530600531773 /* GoogleService-Info.plist */; };
		EEE3531C2A33537800531773 /* FirebaseAuth in Frameworks */ = {isa = PBXBuildFile; productRef = EEE3531B2A33537800531773 /* FirebaseAuth */; };
		EEE3531E2A33537800531773 /* FirebaseDatabase in Frameworks */ = {isa = PBXBuildFile; productRef = EEE3531D2A33537800531773 /* FirebaseDatabase */; };
		EEE353202A33537800531773 /* FirebaseDatabaseSwift in Frameworks */ = {isa = PBXBuildFile; productRef = EEE3531F2A33537800531773 /* FirebaseDatabaseSwift */; };
		EEE353222A33537800531773 /* FirebaseFirestore in Frameworks */ = {isa = PBXBuildFile; productRef = EEE353212A33537800531773 /* FirebaseFirestore */; };
		EEE353242A335AFD00531773 /* Book.swift in Sources */ = {isa = PBXBuildFile; fileRef = EEE353232A335AFD00531773 /* Book.swift */; };
		EEE353272A335EA400531773 /* FirebaseFirestoreSwift in Frameworks */ = {isa = PBXBuildFile; productRef = EEE353262A335EA400531773 /* FirebaseFirestoreSwift */; };
		EEE353292A335F8800531773 /* BooksViewModel.swift in Sources */ = {isa = PBXBuildFile; fileRef = EEE353282A335F8800531773 /* BooksViewModel.swift */; };
		EEE3532C2A33681800531773 /* SDWebImageSwiftUI in Frameworks */ = {isa = PBXBuildFile; productRef = EEE3532B2A33681800531773 /* SDWebImageSwiftUI */; };
		EEE3532E2A3369C800531773 /* BookDetailsView.swift in Sources */ = {isa = PBXBuildFile; fileRef = EEE3532D2A3369C800531773 /* BookDetailsView.swift */; };
		EEE353302A336E8900531773 /* BookEditView.swift in Sources */ = {isa = PBXBuildFile; fileRef = EEE3532F2A336E8900531773 /* BookEditView.swift */; };
		EEE353322A3371AA00531773 /* BookViewModel.swift in Sources */ = {isa = PBXBuildFile; fileRef = EEE353312A3371AA00531773 /* BookViewModel.swift */; };
/* End PBXBuildFile section */

/* Begin PBXContainerItemProxy section */
		EEE352FC2A33519900531773 /* PBXContainerItemProxy */ = {
			isa = PBXContainerItemProxy;
			containerPortal = EEE352E32A33519800531773 /* Project object */;
			proxyType = 1;
			remoteGlobalIDString = EEE352EA2A33519800531773;
			remoteInfo = DevSwiftUI;
		};
		EEE353062A33519900531773 /* PBXContainerItemProxy */ = {
			isa = PBXContainerItemProxy;
			containerPortal = EEE352E32A33519800531773 /* Project object */;
			proxyType = 1;
			remoteGlobalIDString = EEE352EA2A33519800531773;
			remoteInfo = DevSwiftUI;
		};
/* End PBXContainerItemProxy section */

/* Begin PBXFileReference section */
		EEE352EB2A33519800531773 /* DevSwiftUI.app */ = {isa = PBXFileReference; explicitFileType = wrapper.application; includeInIndex = 0; path = DevSwiftUI.app; sourceTree = BUILT_PRODUCTS_DIR; };
		EEE352EE2A33519800531773 /* DevSwiftUIApp.swift */ = {isa = PBXFileReference; lastKnownFileType = sourcecode.swift; path = DevSwiftUIApp.swift; sourceTree = "<group>"; };
		EEE352F02A33519800531773 /* ContentView.swift */ = {isa = PBXFileReference; lastKnownFileType = sourcecode.swift; path = ContentView.swift; sourceTree = "<group>"; };
		EEE352F22A33519800531773 /* Assets.xcassets */ = {isa = PBXFileReference; lastKnownFileType = folder.assetcatalog; path = Assets.xcassets; sourceTree = "<group>"; };
		EEE352F52A33519800531773 /* Preview Assets.xcassets */ = {isa = PBXFileReference; lastKnownFileType = folder.assetcatalog; path = "Preview Assets.xcassets"; sourceTree = "<group>"; };
		EEE352FB2A33519900531773 /* DevSwiftUITests.xctest */ = {isa = PBXFileReference; explicitFileType = wrapper.cfbundle; includeInIndex = 0; path = DevSwiftUITests.xctest; sourceTree = BUILT_PRODUCTS_DIR; };
		EEE353052A33519900531773 /* DevSwiftUIUITests.xctest */ = {isa = PBXFileReference; explicitFileType = wrapper.cfbundle; includeInIndex = 0; path = DevSwiftUIUITests.xctest; sourceTree = BUILT_PRODUCTS_DIR; };
		EEE353182A33530600531773 /* GoogleService-Info.plist */ = {isa = PBXFileReference; fileEncoding = 4; lastKnownFileType = text.plist.xml; path = "GoogleService-Info.plist"; sourceTree = "<group>"; };
		EEE353232A335AFD00531773 /* Book.swift */ = {isa = PBXFileReference; lastKnownFileType = sourcecode.swift; path = Book.swift; sourceTree = "<group>"; };
		EEE353282A335F8800531773 /* BooksViewModel.swift */ = {isa = PBXFileReference; lastKnownFileType = sourcecode.swift; path = BooksViewModel.swift; sourceTree = "<group>"; };
		EEE3532D2A3369C800531773 /* BookDetailsView.swift */ = {isa = PBXFileReference; lastKnownFileType = sourcecode.swift; path = BookDetailsView.swift; sourceTree = "<group>"; };
		EEE3532F2A336E8900531773 /* BookEditView.swift */ = {isa = PBXFileReference; lastKnownFileType = sourcecode.swift; path = BookEditView.swift; sourceTree = "<group>"; };
		EEE353312A3371AA00531773 /* BookViewModel.swift */ = {isa = PBXFileReference; lastKnownFileType = sourcecode.swift; path = BookViewModel.swift; sourceTree = "<group>"; };
/* End PBXFileReference section */

/* Begin PBXFrameworksBuildPhase section */
		EEE352E82A33519800531773 /* Frameworks */ = {
			isa = PBXFrameworksBuildPhase;
			buildActionMask = 2147483647;
			files = (
				EEE3532C2A33681800531773 /* SDWebImageSwiftUI in Frameworks */,
				EEE353272A335EA400531773 /* FirebaseFirestoreSwift in Frameworks */,
				EEE353202A33537800531773 /* FirebaseDatabaseSwift in Frameworks */,
				EEE353222A33537800531773 /* FirebaseFirestore in Frameworks */,
				EEE3531E2A33537800531773 /* FirebaseDatabase in Frameworks */,
				EEE3531C2A33537800531773 /* FirebaseAuth in Frameworks */,
			);
			runOnlyForDeploymentPostprocessing = 0;
		};
		EEE352F82A33519900531773 /* Frameworks */ = {
			isa = PBXFrameworksBuildPhase;
			buildActionMask = 2147483647;
			files = (
			);
			runOnlyForDeploymentPostprocessing = 0;
		};
		EEE353022A33519900531773 /* Frameworks */ = {
			isa = PBXFrameworksBuildPhase;
			buildActionMask = 2147483647;
			files = (
			);
			runOnlyForDeploymentPostprocessing = 0;
		};
/* End PBXFrameworksBuildPhase section */

/* Begin PBXGroup section */
		EEE352E22A33519800531773 = {
			isa = PBXGroup;
			children = (
				EEE352ED2A33519800531773 /* DevSwiftUI */,
				EEE352EC2A33519800531773 /* Products */,
				EEE353252A335EA400531773 /* Frameworks */,
			);
			sourceTree = "<group>";
		};
		EEE352EC2A33519800531773 /* Products */ = {
			isa = PBXGroup;
			children = (
				EEE352EB2A33519800531773 /* DevSwiftUI.app */,
				EEE352FB2A33519900531773 /* DevSwiftUITests.xctest */,
				EEE353052A33519900531773 /* DevSwiftUIUITests.xctest */,
			);
			name = Products;
			sourceTree = "<group>";
		};
		EEE352ED2A33519800531773 /* DevSwiftUI */ = {
			isa = PBXGroup;
			children = (
				EEE352EE2A33519800531773 /* DevSwiftUIApp.swift */,
				EEE352F02A33519800531773 /* ContentView.swift */,
				EEE352F22A33519800531773 /* Assets.xcassets */,
				EEE353182A33530600531773 /* GoogleService-Info.plist */,
				EEE352F42A33519800531773 /* Preview Content */,
				EEE353232A335AFD00531773 /* Book.swift */,
				EEE353282A335F8800531773 /* BooksViewModel.swift */,
				EEE3532D2A3369C800531773 /* BookDetailsView.swift */,
				EEE3532F2A336E8900531773 /* BookEditView.swift */,
				EEE353312A3371AA00531773 /* BookViewModel.swift */,
			);
			path = DevSwiftUI;
			sourceTree = "<group>";
		};
		EEE352F42A33519800531773 /* Preview Content */ = {
			isa = PBXGroup;
			children = (
				EEE352F52A33519800531773 /* Preview Assets.xcassets */,
			);
			path = "Preview Content";
			sourceTree = "<group>";
		};
		EEE353252A335EA400531773 /* Frameworks */ = {
			isa = PBXGroup;
			children = (
			);
			name = Frameworks;
			sourceTree = "<group>";
		};
/* End PBXGroup section */

/* Begin PBXNativeTarget section */
		EEE352EA2A33519800531773 /* DevSwiftUI */ = {
			isa = PBXNativeTarget;
			buildConfigurationList = EEE3530F2A33519900531773 /* Build configuration list for PBXNativeTarget "DevSwiftUI" */;
			buildPhases = (
				EEE352E72A33519800531773 /* Sources */,
				EEE352E82A33519800531773 /* Frameworks */,
				EEE352E92A33519800531773 /* Resources */,
			);
			buildRules = (
			);
			dependencies = (
			);
			name = DevSwiftUI;
			packageProductDependencies = (
				EEE3531B2A33537800531773 /* FirebaseAuth */,
				EEE3531D2A33537800531773 /* FirebaseDatabase */,
				EEE3531F2A33537800531773 /* FirebaseDatabaseSwift */,
				EEE353212A33537800531773 /* FirebaseFirestore */,
				EEE353262A335EA400531773 /* FirebaseFirestoreSwift */,
				EEE3532B2A33681800531773 /* SDWebImageSwiftUI */,
			);
			productName = DevSwiftUI;
			productReference = EEE352EB2A33519800531773 /* DevSwiftUI.app */;
			productType = "com.apple.product-type.application";
		};
		EEE352FA2A33519900531773 /* DevSwiftUITests */ = {
			isa = PBXNativeTarget;
			buildConfigurationList = EEE353122A33519900531773 /* Build configuration list for PBXNativeTarget "DevSwiftUITests" */;
			buildPhases = (
				EEE352F72A33519900531773 /* Sources */,
				EEE352F82A33519900531773 /* Frameworks */,
				EEE352F92A33519900531773 /* Resources */,
			);
			buildRules = (
			);
			dependencies = (
				EEE352FD2A33519900531773 /* PBXTargetDependency */,
			);
			name = DevSwiftUITests;
			productName = DevSwiftUITests;
			productReference = EEE352FB2A33519900531773 /* DevSwiftUITests.xctest */;
			productType = "com.apple.product-type.bundle.unit-test";
		};
		EEE353042A33519900531773 /* DevSwiftUIUITests */ = {
			isa = PBXNativeTarget;
			buildConfigurationList = EEE353152A33519900531773 /* Build configuration list for PBXNativeTarget "DevSwiftUIUITests" */;
			buildPhases = (
				EEE353012A33519900531773 /* Sources */,
				EEE353022A33519900531773 /* Frameworks */,
				EEE353032A33519900531773 /* Resources */,
			);
			buildRules = (
			);
			dependencies = (
				EEE353072A33519900531773 /* PBXTargetDependency */,
			);
			name = DevSwiftUIUITests;
			productName = DevSwiftUIUITests;
			productReference = EEE353052A33519900531773 /* DevSwiftUIUITests.xctest */;
			productType = "com.apple.product-type.bundle.ui-testing";
		};
/* End PBXNativeTarget section */

/* Begin PBXProject section */
		EEE352E32A33519800531773 /* Project object */ = {
			isa = PBXProject;
			attributes = {
				BuildIndependentTargetsInParallel = 1;
				LastSwiftUpdateCheck = 1430;
				LastUpgradeCheck = 1430;
				TargetAttributes = {
					EEE352EA2A33519800531773 = {
						CreatedOnToolsVersion = 14.3.1;
					};
					EEE352FA2A33519900531773 = {
						CreatedOnToolsVersion = 14.3.1;
						TestTargetID = EEE352EA2A33519800531773;
					};
					EEE353042A33519900531773 = {
						CreatedOnToolsVersion = 14.3.1;
						TestTargetID = EEE352EA2A33519800531773;
					};
				};
			};
			buildConfigurationList = EEE352E62A33519800531773 /* Build configuration list for PBXProject "DevSwiftUI" */;
			compatibilityVersion = "Xcode 14.0";
			developmentRegion = en;
			hasScannedForEncodings = 0;
			knownRegions = (
				en,
				Base,
			);
			mainGroup = EEE352E22A33519800531773;
			packageReferences = (
				EEE3531A2A33537800531773 /* XCRemoteSwiftPackageReference "firebase-ios-sdk" */,
				EEE3532A2A33681800531773 /* XCRemoteSwiftPackageReference "SDWebImageSwiftUI" */,
			);
			productRefGroup = EEE352EC2A33519800531773 /* Products */;
			projectDirPath = "";
			projectRoot = "";
			targets = (
				EEE352EA2A33519800531773 /* DevSwiftUI */,
				EEE352FA2A33519900531773 /* DevSwiftUITests */,
				EEE353042A33519900531773 /* DevSwiftUIUITests */,
			);
		};
/* End PBXProject section */

/* Begin PBXResourcesBuildPhase section */
		EEE352E92A33519800531773 /* Resources */ = {
			isa = PBXResourcesBuildPhase;
			buildActionMask = 2147483647;
			files = (
				EEE352F62A33519800531773 /* Preview Assets.xcassets in Resources */,
				EEE353192A33530600531773 /* GoogleService-Info.plist in Resources */,
				EEE352F32A33519800531773 /* Assets.xcassets in Resources */,
			);
			runOnlyForDeploymentPostprocessing = 0;
		};
		EEE352F92A33519900531773 /* Resources */ = {
			isa = PBXResourcesBuildPhase;
			buildActionMask = 2147483647;
			files = (
			);
			runOnlyForDeploymentPostprocessing = 0;
		};
		EEE353032A33519900531773 /* Resources */ = {
			isa = PBXResourcesBuildPhase;
			buildActionMask = 2147483647;
			files = (
			);
			runOnlyForDeploymentPostprocessing = 0;
		};
/* End PBXResourcesBuildPhase section */

/* Begin PBXSourcesBuildPhase section */
		EEE352E72A33519800531773 /* Sources */ = {
			isa = PBXSourcesBuildPhase;
			buildActionMask = 2147483647;
			files = (
				EEE352F12A33519800531773 /* ContentView.swift in Sources */,
				EEE353292A335F8800531773 /* BooksViewModel.swift in Sources */,
				EEE352EF2A33519800531773 /* DevSwiftUIApp.swift in Sources */,
				EEE353242A335AFD00531773 /* Book.swift in Sources */,
				EEE3532E2A3369C800531773 /* BookDetailsView.swift in Sources */,
				EEE353322A3371AA00531773 /* BookViewModel.swift in Sources */,
				EEE353302A336E8900531773 /* BookEditView.swift in Sources */,
			);
			runOnlyForDeploymentPostprocessing = 0;
		};
		EEE352F72A33519900531773 /* Sources */ = {
			isa = PBXSourcesBuildPhase;
			buildActionMask = 2147483647;
			files = (
			);
			runOnlyForDeploymentPostprocessing = 0;
		};
		EEE353012A33519900531773 /* Sources */ = {
			isa = PBXSourcesBuildPhase;
			buildActionMask = 2147483647;
			files = (
			);
			runOnlyForDeploymentPostprocessing = 0;
		};
/* End PBXSourcesBuildPhase section */

/* Begin PBXTargetDependency section */
		EEE352FD2A33519900531773 /* PBXTargetDependency */ = {
			isa = PBXTargetDependency;
			target = EEE352EA2A33519800531773 /* DevSwiftUI */;
			targetProxy = EEE352FC2A33519900531773 /* PBXContainerItemProxy */;
		};
		EEE353072A33519900531773 /* PBXTargetDependency */ = {
			isa = PBXTargetDependency;
			target = EEE352EA2A33519800531773 /* DevSwiftUI */;
			targetProxy = EEE353062A33519900531773 /* PBXContainerItemProxy */;
		};
/* End PBXTargetDependency section */

/* Begin XCBuildConfiguration section */
		EEE3530D2A33519900531773 /* Debug */ = {
			isa = XCBuildConfiguration;
			buildSettings = {
				ALWAYS_SEARCH_USER_PATHS = NO;
				CLANG_ANALYZER_NONNULL = YES;
				CLANG_ANALYZER_NUMBER_OBJECT_CONVERSION = YES_AGGRESSIVE;
				CLANG_CXX_LANGUAGE_STANDARD = "gnu++20";
				CLANG_ENABLE_MODULES = YES;
				CLANG_ENABLE_OBJC_ARC = YES;
				CLANG_ENABLE_OBJC_WEAK = YES;
				CLANG_WARN_BLOCK_CAPTURE_AUTORELEASING = YES;
				CLANG_WARN_BOOL_CONVERSION = YES;
				CLANG_WARN_COMMA = YES;
				CLANG_WARN_CONSTANT_CONVERSION = YES;
				CLANG_WARN_DEPRECATED_OBJC_IMPLEMENTATIONS = YES;
				CLANG_WARN_DIRECT_OBJC_ISA_USAGE = YES_ERROR;
				CLANG_WARN_DOCUMENTATION_COMMENTS = YES;
				CLANG_WARN_EMPTY_BODY = YES;
				CLANG_WARN_ENUM_CONVERSION = YES;
				CLANG_WARN_INFINITE_RECURSION = YES;
				CLANG_WARN_INT_CONVERSION = YES;
				CLANG_WARN_NON_LITERAL_NULL_CONVERSION = YES;
				CLANG_WARN_OBJC_IMPLICIT_RETAIN_SELF = YES;
				CLANG_WARN_OBJC_LITERAL_CONVERSION = YES;
				CLANG_WARN_OBJC_ROOT_CLASS = YES_ERROR;
				CLANG_WARN_QUOTED_INCLUDE_IN_FRAMEWORK_HEADER = YES;
				CLANG_WARN_RANGE_LOOP_ANALYSIS = YES;
				CLANG_WARN_STRICT_PROTOTYPES = YES;
				CLANG_WARN_SUSPICIOUS_MOVE = YES;
				CLANG_WARN_UNGUARDED_AVAILABILITY = YES_AGGRESSIVE;
				CLANG_WARN_UNREACHABLE_CODE = YES;
				CLANG_WARN__DUPLICATE_METHOD_MATCH = YES;
				COPY_PHASE_STRIP = NO;
				DEBUG_INFORMATION_FORMAT = dwarf;
				ENABLE_STRICT_OBJC_MSGSEND = YES;
				ENABLE_TESTABILITY = YES;
				GCC_C_LANGUAGE_STANDARD = gnu11;
				GCC_DYNAMIC_NO_PIC = NO;
				GCC_NO_COMMON_BLOCKS = YES;
				GCC_OPTIMIZATION_LEVEL = 0;
				GCC_PREPROCESSOR_DEFINITIONS = (
					"DEBUG=1",
					"$(inherited)",
				);
				GCC_WARN_64_TO_32_BIT_CONVERSION = YES;
				GCC_WARN_ABOUT_RETURN_TYPE = YES_ERROR;
				GCC_WARN_UNDECLARED_SELECTOR = YES;
				GCC_WARN_UNINITIALIZED_AUTOS = YES_AGGRESSIVE;
				GCC_WARN_UNUSED_FUNCTION = YES;
				GCC_WARN_UNUSED_VARIABLE = YES;
				IPHONEOS_DEPLOYMENT_TARGET = 16.4;
				MTL_ENABLE_DEBUG_INFO = INCLUDE_SOURCE;
				MTL_FAST_MATH = YES;
				ONLY_ACTIVE_ARCH = YES;
				SDKROOT = iphoneos;
				SWIFT_ACTIVE_COMPILATION_CONDITIONS = DEBUG;
				SWIFT_OPTIMIZATION_LEVEL = "-Onone";
			};
			name = Debug;
		};
		EEE3530E2A33519900531773 /* Release */ = {
			isa = XCBuildConfiguration;
			buildSettings = {
				ALWAYS_SEARCH_USER_PATHS = NO;
				CLANG_ANALYZER_NONNULL = YES;
				CLANG_ANALYZER_NUMBER_OBJECT_CONVERSION = YES_AGGRESSIVE;
				CLANG_CXX_LANGUAGE_STANDARD = "gnu++20";
				CLANG_ENABLE_MODULES = YES;
				CLANG_ENABLE_OBJC_ARC = YES;
				CLANG_ENABLE_OBJC_WEAK = YES;
				CLANG_WARN_BLOCK_CAPTURE_AUTORELEASING = YES;
				CLANG_WARN_BOOL_CONVERSION = YES;
				CLANG_WARN_COMMA = YES;
				CLANG_WARN_CONSTANT_CONVERSION = YES;
				CLANG_WARN_DEPRECATED_OBJC_IMPLEMENTATIONS = YES;
				CLANG_WARN_DIRECT_OBJC_ISA_USAGE = YES_ERROR;
				CLANG_WARN_DOCUMENTATION_COMMENTS = YES;
				CLANG_WARN_EMPTY_BODY = YES;
				CLANG_WARN_ENUM_CONVERSION = YES;
				CLANG_WARN_INFINITE_RECURSION = YES;
				CLANG_WARN_INT_CONVERSION = YES;
				CLANG_WARN_NON_LITERAL_NULL_CONVERSION = YES;
				CLANG_WARN_OBJC_IMPLICIT_RETAIN_SELF = YES;
				CLANG_WARN_OBJC_LITERAL_CONVERSION = YES;
				CLANG_WARN_OBJC_ROOT_CLASS = YES_ERROR;
				CLANG_WARN_QUOTED_INCLUDE_IN_FRAMEWORK_HEADER = YES;
				CLANG_WARN_RANGE_LOOP_ANALYSIS = YES;
				CLANG_WARN_STRICT_PROTOTYPES = YES;
				CLANG_WARN_SUSPICIOUS_MOVE = YES;
				CLANG_WARN_UNGUARDED_AVAILABILITY = YES_AGGRESSIVE;
				CLANG_WARN_UNREACHABLE_CODE = YES;
				CLANG_WARN__DUPLICATE_METHOD_MATCH = YES;
				COPY_PHASE_STRIP = NO;
				DEBUG_INFORMATION_FORMAT = "dwarf-with-dsym";
				ENABLE_NS_ASSERTIONS = NO;
				ENABLE_STRICT_OBJC_MSGSEND = YES;
				GCC_C_LANGUAGE_STANDARD = gnu11;
				GCC_NO_COMMON_BLOCKS = YES;
				GCC_WARN_64_TO_32_BIT_CONVERSION = YES;
				GCC_WARN_ABOUT_RETURN_TYPE = YES_ERROR;
				GCC_WARN_UNDECLARED_SELECTOR = YES;
				GCC_WARN_UNINITIALIZED_AUTOS = YES_AGGRESSIVE;
				GCC_WARN_UNUSED_FUNCTION = YES;
				GCC_WARN_UNUSED_VARIABLE = YES;
				IPHONEOS_DEPLOYMENT_TARGET = 16.4;
				MTL_ENABLE_DEBUG_INFO = NO;
				MTL_FAST_MATH = YES;
				SDKROOT = iphoneos;
				SWIFT_COMPILATION_MODE = wholemodule;
				SWIFT_OPTIMIZATION_LEVEL = "-O";
				VALIDATE_PRODUCT = YES;
			};
			name = Release;
		};
		EEE353102A33519900531773 /* Debug */ = {
			isa = XCBuildConfiguration;
			buildSettings = {
				ASSETCATALOG_COMPILER_APPICON_NAME = AppIcon;
				ASSETCATALOG_COMPILER_GLOBAL_ACCENT_COLOR_NAME = AccentColor;
				CODE_SIGN_STYLE = Automatic;
				CURRENT_PROJECT_VERSION = 1;
				DEVELOPMENT_ASSET_PATHS = "\"DevSwiftUI/Preview Content\"";
				ENABLE_PREVIEWS = YES;
				GENERATE_INFOPLIST_FILE = YES;
				INFOPLIST_KEY_UIApplicationSceneManifest_Generation = YES;
				INFOPLIST_KEY_UIApplicationSupportsIndirectInputEvents = YES;
				INFOPLIST_KEY_UILaunchScreen_Generation = YES;
				INFOPLIST_KEY_UISupportedInterfaceOrientations_iPad = "UIInterfaceOrientationPortrait UIInterfaceOrientationPortraitUpsideDown UIInterfaceOrientationLandscapeLeft UIInterfaceOrientationLandscapeRight";
				INFOPLIST_KEY_UISupportedInterfaceOrientations_iPhone = "UIInterfaceOrientationPortrait UIInterfaceOrientationLandscapeLeft UIInterfaceOrientationLandscapeRight";
				LD_RUNPATH_SEARCH_PATHS = (
					"$(inherited)",
					"@executable_path/Frameworks",
				);
				MARKETING_VERSION = 1.0;
				PRODUCT_BUNDLE_IDENTIFIER = Swift.DevSwiftUI;
				PRODUCT_NAME = "$(TARGET_NAME)";
				SWIFT_EMIT_LOC_STRINGS = YES;
				SWIFT_VERSION = 5.0;
				TARGETED_DEVICE_FAMILY = "1,2";
			};
			name = Debug;
		};
		EEE353112A33519900531773 /* Release */ = {
			isa = XCBuildConfiguration;
			buildSettings = {
				ASSETCATALOG_COMPILER_APPICON_NAME = AppIcon;
				ASSETCATALOG_COMPILER_GLOBAL_ACCENT_COLOR_NAME = AccentColor;
				CODE_SIGN_STYLE = Automatic;
				CURRENT_PROJECT_VERSION = 1;
				DEVELOPMENT_ASSET_PATHS = "\"DevSwiftUI/Preview Content\"";
				ENABLE_PREVIEWS = YES;
				GENERATE_INFOPLIST_FILE = YES;
				INFOPLIST_KEY_UIApplicationSceneManifest_Generation = YES;
				INFOPLIST_KEY_UIApplicationSupportsIndirectInputEvents = YES;
				INFOPLIST_KEY_UILaunchScreen_Generation = YES;
				INFOPLIST_KEY_UISupportedInterfaceOrientations_iPad = "UIInterfaceOrientationPortrait UIInterfaceOrientationPortraitUpsideDown UIInterfaceOrientationLandscapeLeft UIInterfaceOrientationLandscapeRight";
				INFOPLIST_KEY_UISupportedInterfaceOrientations_iPhone = "UIInterfaceOrientationPortrait UIInterfaceOrientationLandscapeLeft UIInterfaceOrientationLandscapeRight";
				LD_RUNPATH_SEARCH_PATHS = (
					"$(inherited)",
					"@executable_path/Frameworks",
				);
				MARKETING_VERSION = 1.0;
				PRODUCT_BUNDLE_IDENTIFIER = Swift.DevSwiftUI;
				PRODUCT_NAME = "$(TARGET_NAME)";
				SWIFT_EMIT_LOC_STRINGS = YES;
				SWIFT_VERSION = 5.0;
				TARGETED_DEVICE_FAMILY = "1,2";
			};
			name = Release;
		};
		EEE353132A33519900531773 /* Debug */ = {
			isa = XCBuildConfiguration;
			buildSettings = {
				ALWAYS_EMBED_SWIFT_STANDARD_LIBRARIES = YES;
				BUNDLE_LOADER = "$(TEST_HOST)";
				CODE_SIGN_STYLE = Automatic;
				CURRENT_PROJECT_VERSION = 1;
				GENERATE_INFOPLIST_FILE = YES;
				IPHONEOS_DEPLOYMENT_TARGET = 16.4;
				MARKETING_VERSION = 1.0;
				PRODUCT_BUNDLE_IDENTIFIER = Swift.DevSwiftUITests;
				PRODUCT_NAME = "$(TARGET_NAME)";
				SWIFT_EMIT_LOC_STRINGS = NO;
				SWIFT_VERSION = 5.0;
				TARGETED_DEVICE_FAMILY = "1,2";
				TEST_HOST = "$(BUILT_PRODUCTS_DIR)/DevSwiftUI.app/$(BUNDLE_EXECUTABLE_FOLDER_PATH)/DevSwiftUI";
			};
			name = Debug;
		};
		EEE353142A33519900531773 /* Release */ = {
			isa = XCBuildConfiguration;
			buildSettings = {
				ALWAYS_EMBED_SWIFT_STANDARD_LIBRARIES = YES;
				BUNDLE_LOADER = "$(TEST_HOST)";
				CODE_SIGN_STYLE = Automatic;
				CURRENT_PROJECT_VERSION = 1;
				GENERATE_INFOPLIST_FILE = YES;
				IPHONEOS_DEPLOYMENT_TARGET = 16.4;
				MARKETING_VERSION = 1.0;
				PRODUCT_BUNDLE_IDENTIFIER = Swift.DevSwiftUITests;
				PRODUCT_NAME = "$(TARGET_NAME)";
				SWIFT_EMIT_LOC_STRINGS = NO;
				SWIFT_VERSION = 5.0;
				TARGETED_DEVICE_FAMILY = "1,2";
				TEST_HOST = "$(BUILT_PRODUCTS_DIR)/DevSwiftUI.app/$(BUNDLE_EXECUTABLE_FOLDER_PATH)/DevSwiftUI";
			};
			name = Release;
		};
		EEE353162A33519900531773 /* Debug */ = {
			isa = XCBuildConfiguration;
			buildSettings = {
				ALWAYS_EMBED_SWIFT_STANDARD_LIBRARIES = YES;
				CODE_SIGN_STYLE = Automatic;
				CURRENT_PROJECT_VERSION = 1;
				GENERATE_INFOPLIST_FILE = YES;
				MARKETING_VERSION = 1.0;
				PRODUCT_BUNDLE_IDENTIFIER = Swift.DevSwiftUIUITests;
				PRODUCT_NAME = "$(TARGET_NAME)";
				SWIFT_EMIT_LOC_STRINGS = NO;
				SWIFT_VERSION = 5.0;
				TARGETED_DEVICE_FAMILY = "1,2";
				TEST_TARGET_NAME = DevSwiftUI;
			};
			name = Debug;
		};
		EEE353172A33519900531773 /* Release */ = {
			isa = XCBuildConfiguration;
			buildSettings = {
				ALWAYS_EMBED_SWIFT_STANDARD_LIBRARIES = YES;
				CODE_SIGN_STYLE = Automatic;
				CURRENT_PROJECT_VERSION = 1;
				GENERATE_INFOPLIST_FILE = YES;
				MARKETING_VERSION = 1.0;
				PRODUCT_BUNDLE_IDENTIFIER = Swift.DevSwiftUIUITests;
				PRODUCT_NAME = "$(TARGET_NAME)";
				SWIFT_EMIT_LOC_STRINGS = NO;
				SWIFT_VERSION = 5.0;
				TARGETED_DEVICE_FAMILY = "1,2";
				TEST_TARGET_NAME = DevSwiftUI;
			};
			name = Release;
		};
/* End XCBuildConfiguration section */

/* Begin XCConfigurationList section */
		EEE352E62A33519800531773 /* Build configuration list for PBXProject "DevSwiftUI" */ = {
			isa = XCConfigurationList;
			buildConfigurations = (
				EEE3530D2A33519900531773 /* Debug */,
				EEE3530E2A33519900531773 /* Release */,
			);
			defaultConfigurationIsVisible = 0;
			defaultConfigurationName = Release;
		};
		EEE3530F2A33519900531773 /* Build configuration list for PBXNativeTarget "DevSwiftUI" */ = {
			isa = XCConfigurationList;
			buildConfigurations = (
				EEE353102A33519900531773 /* Debug */,
				EEE353112A33519900531773 /* Release */,
			);
			defaultConfigurationIsVisible = 0;
			defaultConfigurationName = Release;
		};
		EEE353122A33519900531773 /* Build configuration list for PBXNativeTarget "DevSwiftUITests" */ = {
			isa = XCConfigurationList;
			buildConfigurations = (
				EEE353132A33519900531773 /* Debug */,
				EEE353142A33519900531773 /* Release */,
			);
			defaultConfigurationIsVisible = 0;
			defaultConfigurationName = Release;
		};
		EEE353152A33519900531773 /* Build configuration list for PBXNativeTarget "DevSwiftUIUITests" */ = {
			isa = XCConfigurationList;
			buildConfigurations = (
				EEE353162A33519900531773 /* Debug */,
				EEE353172A33519900531773 /* Release */,
			);
			defaultConfigurationIsVisible = 0;
			defaultConfigurationName = Release;
		};
/* End XCConfigurationList section */

/* Begin XCRemoteSwiftPackageReference section */
		EEE3531A2A33537800531773 /* XCRemoteSwiftPackageReference "firebase-ios-sdk" */ = {
			isa = XCRemoteSwiftPackageReference;
			repositoryURL = "https://github.com/firebase/firebase-ios-sdk.git";
			requirement = {
				kind = upToNextMajorVersion;
				minimumVersion = 10.0.0;
			};
		};
		EEE3532A2A33681800531773 /* XCRemoteSwiftPackageReference "SDWebImageSwiftUI" */ = {
			isa = XCRemoteSwiftPackageReference;
			repositoryURL = "https://github.com/SDWebImage/SDWebImageSwiftUI.git";
			requirement = {
				kind = upToNextMajorVersion;
				minimumVersion = 2.0.0;
			};
		};
/* End XCRemoteSwiftPackageReference section */

/* Begin XCSwiftPackageProductDependency section */
		EEE3531B2A33537800531773 /* FirebaseAuth */ = {
			isa = XCSwiftPackageProductDependency;
			package = EEE3531A2A33537800531773 /* XCRemoteSwiftPackageReference "firebase-ios-sdk" */;
			productName = FirebaseAuth;
		};
		EEE3531D2A33537800531773 /* FirebaseDatabase */ = {
			isa = XCSwiftPackageProductDependency;
			package = EEE3531A2A33537800531773 /* XCRemoteSwiftPackageReference "firebase-ios-sdk" */;
			productName = FirebaseDatabase;
		};
		EEE3531F2A33537800531773 /* FirebaseDatabaseSwift */ = {
			isa = XCSwiftPackageProductDependency;
			package = EEE3531A2A33537800531773 /* XCRemoteSwiftPackageReference "firebase-ios-sdk" */;
			productName = FirebaseDatabaseSwift;
		};
		EEE353212A33537800531773 /* FirebaseFirestore */ = {
			isa = XCSwiftPackageProductDependency;
			package = EEE3531A2A33537800531773 /* XCRemoteSwiftPackageReference "firebase-ios-sdk" */;
			productName = FirebaseFirestore;
		};
		EEE353262A335EA400531773 /* FirebaseFirestoreSwift */ = {
			isa = XCSwiftPackageProductDependency;
			package = EEE3531A2A33537800531773 /* XCRemoteSwiftPackageReference "firebase-ios-sdk" */;
			productName = FirebaseFirestoreSwift;
		};
		EEE3532B2A33681800531773 /* SDWebImageSwiftUI */ = {
			isa = XCSwiftPackageProductDependency;
			package = EEE3532A2A33681800531773 /* XCRemoteSwiftPackageReference "SDWebImageSwiftUI" */;
			productName = SDWebImageSwiftUI;
		};
/* End XCSwiftPackageProductDependency section */
	};
	rootObject = EEE352E32A33519800531773 /* Project object */;
}
